
Microsoft Visual Studio Solution File, Format Version 12.00
# Visual Studio 2012
Project("{FAE04EC0-301F-11D3-BF4B-00C04F79EFBC}") = "StagWare.FanControl", "Libraries\StagWare.FanControl\StagWare.FanControl.csproj", "{12084B38-C1A2-414C-80A7-B8D02D6F5B84}"
EndProject
Project("{FAE04EC0-301F-11D3-BF4B-00C04F79EFBC}") = "NbfcService", "Windows\NbfcService\NbfcService.csproj", "{820ABB59-7F86-4D7F-89C9-8F7DA013D992}"
EndProject
Project("{FAE04EC0-301F-11D3-BF4B-00C04F79EFBC}") = "StagWare.FanControl.Configurations", "Libraries\StagWare.Configurations\StagWare.FanControl.Configurations.csproj", "{EB60FFBC-51F9-42F7-B22B-2200C3F0CB64}"
EndProject
Project("{FAE04EC0-301F-11D3-BF4B-00C04F79EFBC}") = "StagWare.FanControl.Service", "Libraries\StagWare.FanControl.Service\StagWare.FanControl.Service.csproj", "{15B3E0D2-6217-493A-A690-158C497F5318}"
EndProject
Project("{FAE04EC0-301F-11D3-BF4B-00C04F79EFBC}") = "ConfigEditor", "Windows\ConfigEditor\ConfigEditor.csproj", "{A2E2E628-7BDA-4072-83DE-B28DE7EA85A9}"
EndProject
Project("{FAE04EC0-301F-11D3-BF4B-00C04F79EFBC}") = "NbfcServiceClient", "Windows\NbfcServiceClient\NbfcServiceClient.csproj", "{DF818D02-6FBC-44E1-88FA-0D62BD73CA95}"
	ProjectSection(ProjectDependencies) = postProject
		{15B3E0D2-6217-493A-A690-158C497F5318} = {15B3E0D2-6217-493A-A690-158C497F5318}
	EndProjectSection
EndProject
Project("{930C7802-8A8C-48F9-8165-68863BCCD9DD}") = "NbfcSetup", "Windows\Setup\NbfcSetup\NbfcSetup.wixproj", "{D709446B-7DEC-4F18-B2A2-638A2EF8AAA6}"
EndProject
Project("{930C7802-8A8C-48F9-8165-68863BCCD9DD}") = "NbfcBootstrapper", "Windows\Setup\NbfcBootstrapper\NbfcBootstrapper.wixproj", "{088065D5-99ED-4A8B-9301-3666C5B88718}"
EndProject
Project("{FAE04EC0-301F-11D3-BF4B-00C04F79EFBC}") = "OpenHardwareMonitorLib", "Libraries\Plugins\OpenHardwareMonitorLib\OpenHardwareMonitorLib.csproj", "{B0397530-545A-471D-BB74-027AE456DF1A}"
EndProject
Project("{FAE04EC0-301F-11D3-BF4B-00C04F79EFBC}") = "DriverSetupWixAction", "Windows\Setup\DriverSetupWixAction\DriverSetupWixAction.csproj", "{98EE4668-8F55-43B7-B2F9-A8C4B0DAFA79}"
EndProject
Project("{2150E333-8FDC-42A3-9474-1A3956D46DE8}") = "Libraries", "Libraries", "{656212AC-91B4-49EC-9460-7BC3D6DD500C}"
EndProject
Project("{2150E333-8FDC-42A3-9474-1A3956D46DE8}") = "Windows", "Windows", "{F3E7AF84-72E0-4812-A039-B02FDD4E9040}"
EndProject
Project("{2150E333-8FDC-42A3-9474-1A3956D46DE8}") = "Setup", "Setup", "{809C12D7-9AD6-409B-BF2C-76D6297FC8DD}"
EndProject
Project("{2150E333-8FDC-42A3-9474-1A3956D46DE8}") = "Plugins", "Plugins", "{0288F2E8-672E-49DA-9B93-86CEE224D996}"
EndProject
Project("{FAE04EC0-301F-11D3-BF4B-00C04F79EFBC}") = "StagWare.Windows.CpuTempProvider", "Libraries\Plugins\StagWare.Windows.CpuTempProvider\StagWare.Windows.CpuTempProvider.csproj", "{FC64E51E-1372-45D5-8B25-134A6859DEDD}"
EndProject
Project("{FAE04EC0-301F-11D3-BF4B-00C04F79EFBC}") = "StagWare.Windows.EmbeddedController", "Libraries\Plugins\StagWare.Windows.EmbeddedController\StagWare.Windows.EmbeddedController.csproj", "{49BBEBDD-9A3A-4963-A52C-D6154E2D6B3E}"
EndProject
Project("{FAE04EC0-301F-11D3-BF4B-00C04F79EFBC}") = "StagWare.Hardware", "Libraries\Plugins\StagWare.Hardware\StagWare.Hardware.csproj", "{1D5D7C81-802F-46E0-913F-8519F157BC3C}"
EndProject
Global
	GlobalSection(SolutionConfigurationPlatforms) = preSolution
		Debug|Any CPU = Debug|Any CPU
		Debug|Mixed Platforms = Debug|Mixed Platforms
		Debug|x64 = Debug|x64
		Debug|x86 = Debug|x86
		Release Mono|Any CPU = Release Mono|Any CPU
		Release Mono|Mixed Platforms = Release Mono|Mixed Platforms
		Release Mono|x64 = Release Mono|x64
		Release Mono|x86 = Release Mono|x86
		Release|Any CPU = Release|Any CPU
		Release|Mixed Platforms = Release|Mixed Platforms
		Release|x64 = Release|x64
		Release|x86 = Release|x86
	EndGlobalSection
	GlobalSection(ProjectConfigurationPlatforms) = postSolution
		{12084B38-C1A2-414C-80A7-B8D02D6F5B84}.Debug|Any CPU.ActiveCfg = Debug|Any CPU
		{12084B38-C1A2-414C-80A7-B8D02D6F5B84}.Debug|Any CPU.Build.0 = Debug|Any CPU
		{12084B38-C1A2-414C-80A7-B8D02D6F5B84}.Debug|Mixed Platforms.ActiveCfg = Debug|Any CPU
		{12084B38-C1A2-414C-80A7-B8D02D6F5B84}.Debug|Mixed Platforms.Build.0 = Debug|Any CPU
		{12084B38-C1A2-414C-80A7-B8D02D6F5B84}.Debug|x64.ActiveCfg = Debug|Any CPU
		{12084B38-C1A2-414C-80A7-B8D02D6F5B84}.Debug|x86.ActiveCfg = Debug|Any CPU
		{12084B38-C1A2-414C-80A7-B8D02D6F5B84}.Release Mono|Any CPU.ActiveCfg = Release Mono|Any CPU
		{12084B38-C1A2-414C-80A7-B8D02D6F5B84}.Release Mono|Any CPU.Build.0 = Release Mono|Any CPU
		{12084B38-C1A2-414C-80A7-B8D02D6F5B84}.Release Mono|Mixed Platforms.ActiveCfg = Release Mono|Any CPU
		{12084B38-C1A2-414C-80A7-B8D02D6F5B84}.Release Mono|Mixed Platforms.Build.0 = Release Mono|Any CPU
		{12084B38-C1A2-414C-80A7-B8D02D6F5B84}.Release Mono|x64.ActiveCfg = Release Mono|Any CPU
		{12084B38-C1A2-414C-80A7-B8D02D6F5B84}.Release Mono|x86.ActiveCfg = Release Mono|Any CPU
		{12084B38-C1A2-414C-80A7-B8D02D6F5B84}.Release|Any CPU.ActiveCfg = Release|Any CPU
		{12084B38-C1A2-414C-80A7-B8D02D6F5B84}.Release|Any CPU.Build.0 = Release|Any CPU
		{12084B38-C1A2-414C-80A7-B8D02D6F5B84}.Release|Mixed Platforms.ActiveCfg = Release|Any CPU
		{12084B38-C1A2-414C-80A7-B8D02D6F5B84}.Release|Mixed Platforms.Build.0 = Release|Any CPU
		{12084B38-C1A2-414C-80A7-B8D02D6F5B84}.Release|x64.ActiveCfg = Release|Any CPU
		{12084B38-C1A2-414C-80A7-B8D02D6F5B84}.Release|x86.ActiveCfg = Release|Any CPU
		{820ABB59-7F86-4D7F-89C9-8F7DA013D992}.Debug|Any CPU.ActiveCfg = Debug|Any CPU
		{820ABB59-7F86-4D7F-89C9-8F7DA013D992}.Debug|Any CPU.Build.0 = Debug|Any CPU
		{820ABB59-7F86-4D7F-89C9-8F7DA013D992}.Debug|Mixed Platforms.ActiveCfg = Debug|x86
		{820ABB59-7F86-4D7F-89C9-8F7DA013D992}.Debug|Mixed Platforms.Build.0 = Debug|x86
		{820ABB59-7F86-4D7F-89C9-8F7DA013D992}.Debug|x64.ActiveCfg = Debug|Any CPU
		{820ABB59-7F86-4D7F-89C9-8F7DA013D992}.Debug|x86.ActiveCfg = Debug|x86
		{820ABB59-7F86-4D7F-89C9-8F7DA013D992}.Debug|x86.Build.0 = Debug|x86
		{820ABB59-7F86-4D7F-89C9-8F7DA013D992}.Release Mono|Any CPU.ActiveCfg = Release Mono|Any CPU
		{820ABB59-7F86-4D7F-89C9-8F7DA013D992}.Release Mono|Mixed Platforms.ActiveCfg = Release Mono|x86
		{820ABB59-7F86-4D7F-89C9-8F7DA013D992}.Release Mono|Mixed Platforms.Build.0 = Release Mono|x86
		{820ABB59-7F86-4D7F-89C9-8F7DA013D992}.Release Mono|x64.ActiveCfg = Release Mono|Any CPU
		{820ABB59-7F86-4D7F-89C9-8F7DA013D992}.Release Mono|x86.ActiveCfg = Release Mono|x86
		{820ABB59-7F86-4D7F-89C9-8F7DA013D992}.Release Mono|x86.Build.0 = Release Mono|x86
		{820ABB59-7F86-4D7F-89C9-8F7DA013D992}.Release|Any CPU.ActiveCfg = Release|Any CPU
		{820ABB59-7F86-4D7F-89C9-8F7DA013D992}.Release|Any CPU.Build.0 = Release|Any CPU
		{820ABB59-7F86-4D7F-89C9-8F7DA013D992}.Release|Mixed Platforms.ActiveCfg = Release|x86
		{820ABB59-7F86-4D7F-89C9-8F7DA013D992}.Release|Mixed Platforms.Build.0 = Release|x86
		{820ABB59-7F86-4D7F-89C9-8F7DA013D992}.Release|x64.ActiveCfg = Release|Any CPU
		{820ABB59-7F86-4D7F-89C9-8F7DA013D992}.Release|x86.ActiveCfg = Release|x86
		{820ABB59-7F86-4D7F-89C9-8F7DA013D992}.Release|x86.Build.0 = Release|x86
		{EB60FFBC-51F9-42F7-B22B-2200C3F0CB64}.Debug|Any CPU.ActiveCfg = Debug|Any CPU
		{EB60FFBC-51F9-42F7-B22B-2200C3F0CB64}.Debug|Any CPU.Build.0 = Debug|Any CPU
		{EB60FFBC-51F9-42F7-B22B-2200C3F0CB64}.Debug|Mixed Platforms.ActiveCfg = Debug|Any CPU
		{EB60FFBC-51F9-42F7-B22B-2200C3F0CB64}.Debug|Mixed Platforms.Build.0 = Debug|Any CPU
		{EB60FFBC-51F9-42F7-B22B-2200C3F0CB64}.Debug|x64.ActiveCfg = Debug|Any CPU
		{EB60FFBC-51F9-42F7-B22B-2200C3F0CB64}.Debug|x86.ActiveCfg = Debug|Any CPU
		{EB60FFBC-51F9-42F7-B22B-2200C3F0CB64}.Release Mono|Any CPU.ActiveCfg = Release Mono|Any CPU
		{EB60FFBC-51F9-42F7-B22B-2200C3F0CB64}.Release Mono|Any CPU.Build.0 = Release Mono|Any CPU
		{EB60FFBC-51F9-42F7-B22B-2200C3F0CB64}.Release Mono|Mixed Platforms.ActiveCfg = Release Mono|Any CPU
		{EB60FFBC-51F9-42F7-B22B-2200C3F0CB64}.Release Mono|Mixed Platforms.Build.0 = Release Mono|Any CPU
		{EB60FFBC-51F9-42F7-B22B-2200C3F0CB64}.Release Mono|x64.ActiveCfg = Release Mono|Any CPU
		{EB60FFBC-51F9-42F7-B22B-2200C3F0CB64}.Release Mono|x86.ActiveCfg = Release Mono|Any CPU
		{EB60FFBC-51F9-42F7-B22B-2200C3F0CB64}.Release|Any CPU.ActiveCfg = Release|Any CPU
		{EB60FFBC-51F9-42F7-B22B-2200C3F0CB64}.Release|Any CPU.Build.0 = Release|Any CPU
		{EB60FFBC-51F9-42F7-B22B-2200C3F0CB64}.Release|Mixed Platforms.ActiveCfg = Release|Any CPU
		{EB60FFBC-51F9-42F7-B22B-2200C3F0CB64}.Release|Mixed Platforms.Build.0 = Release|Any CPU
		{EB60FFBC-51F9-42F7-B22B-2200C3F0CB64}.Release|x64.ActiveCfg = Release|Any CPU
		{EB60FFBC-51F9-42F7-B22B-2200C3F0CB64}.Release|x86.ActiveCfg = Release|Any CPU
		{15B3E0D2-6217-493A-A690-158C497F5318}.Debug|Any CPU.ActiveCfg = Debug|Any CPU
		{15B3E0D2-6217-493A-A690-158C497F5318}.Debug|Any CPU.Build.0 = Debug|Any CPU
		{15B3E0D2-6217-493A-A690-158C497F5318}.Debug|Mixed Platforms.ActiveCfg = Debug|Any CPU
		{15B3E0D2-6217-493A-A690-158C497F5318}.Debug|Mixed Platforms.Build.0 = Debug|Any CPU
		{15B3E0D2-6217-493A-A690-158C497F5318}.Debug|x64.ActiveCfg = Debug|Any CPU
		{15B3E0D2-6217-493A-A690-158C497F5318}.Debug|x86.ActiveCfg = Debug|Any CPU
		{15B3E0D2-6217-493A-A690-158C497F5318}.Release Mono|Any CPU.ActiveCfg = Release Mono|Any CPU
		{15B3E0D2-6217-493A-A690-158C497F5318}.Release Mono|Mixed Platforms.ActiveCfg = Release Mono|Any CPU
		{15B3E0D2-6217-493A-A690-158C497F5318}.Release Mono|Mixed Platforms.Build.0 = Release Mono|Any CPU
		{15B3E0D2-6217-493A-A690-158C497F5318}.Release Mono|x64.ActiveCfg = Release Mono|Any CPU
		{15B3E0D2-6217-493A-A690-158C497F5318}.Release Mono|x86.ActiveCfg = Release Mono|Any CPU
		{15B3E0D2-6217-493A-A690-158C497F5318}.Release|Any CPU.ActiveCfg = Release|Any CPU
		{15B3E0D2-6217-493A-A690-158C497F5318}.Release|Any CPU.Build.0 = Release|Any CPU
		{15B3E0D2-6217-493A-A690-158C497F5318}.Release|Mixed Platforms.ActiveCfg = Release|Any CPU
		{15B3E0D2-6217-493A-A690-158C497F5318}.Release|Mixed Platforms.Build.0 = Release|Any CPU
		{15B3E0D2-6217-493A-A690-158C497F5318}.Release|x64.ActiveCfg = Release|Any CPU
		{15B3E0D2-6217-493A-A690-158C497F5318}.Release|x86.ActiveCfg = Release|Any CPU
		{A2E2E628-7BDA-4072-83DE-B28DE7EA85A9}.Debug|Any CPU.ActiveCfg = Debug|Any CPU
		{A2E2E628-7BDA-4072-83DE-B28DE7EA85A9}.Debug|Any CPU.Build.0 = Debug|Any CPU
		{A2E2E628-7BDA-4072-83DE-B28DE7EA85A9}.Debug|Mixed Platforms.ActiveCfg = Debug|Any CPU
		{A2E2E628-7BDA-4072-83DE-B28DE7EA85A9}.Debug|Mixed Platforms.Build.0 = Debug|Any CPU
		{A2E2E628-7BDA-4072-83DE-B28DE7EA85A9}.Debug|x64.ActiveCfg = Debug|Any CPU
		{A2E2E628-7BDA-4072-83DE-B28DE7EA85A9}.Debug|x86.ActiveCfg = Debug|Any CPU
		{A2E2E628-7BDA-4072-83DE-B28DE7EA85A9}.Release Mono|Any CPU.ActiveCfg = Release Mono|Any CPU
		{A2E2E628-7BDA-4072-83DE-B28DE7EA85A9}.Release Mono|Mixed Platforms.ActiveCfg = Release Mono|Any CPU
		{A2E2E628-7BDA-4072-83DE-B28DE7EA85A9}.Release Mono|Mixed Platforms.Build.0 = Release Mono|Any CPU
		{A2E2E628-7BDA-4072-83DE-B28DE7EA85A9}.Release Mono|x64.ActiveCfg = Release Mono|Any CPU
		{A2E2E628-7BDA-4072-83DE-B28DE7EA85A9}.Release Mono|x86.ActiveCfg = Release Mono|Any CPU
		{A2E2E628-7BDA-4072-83DE-B28DE7EA85A9}.Release|Any CPU.ActiveCfg = Release|Any CPU
		{A2E2E628-7BDA-4072-83DE-B28DE7EA85A9}.Release|Any CPU.Build.0 = Release|Any CPU
		{A2E2E628-7BDA-4072-83DE-B28DE7EA85A9}.Release|Mixed Platforms.ActiveCfg = Release|Any CPU
		{A2E2E628-7BDA-4072-83DE-B28DE7EA85A9}.Release|Mixed Platforms.Build.0 = Release|Any CPU
		{A2E2E628-7BDA-4072-83DE-B28DE7EA85A9}.Release|x64.ActiveCfg = Release|Any CPU
		{A2E2E628-7BDA-4072-83DE-B28DE7EA85A9}.Release|x86.ActiveCfg = Release|Any CPU
		{DF818D02-6FBC-44E1-88FA-0D62BD73CA95}.Debug|Any CPU.ActiveCfg = Debug|Any CPU
		{DF818D02-6FBC-44E1-88FA-0D62BD73CA95}.Debug|Any CPU.Build.0 = Debug|Any CPU
		{DF818D02-6FBC-44E1-88FA-0D62BD73CA95}.Debug|Mixed Platforms.ActiveCfg = Debug|Any CPU
		{DF818D02-6FBC-44E1-88FA-0D62BD73CA95}.Debug|Mixed Platforms.Build.0 = Debug|Any CPU
		{DF818D02-6FBC-44E1-88FA-0D62BD73CA95}.Debug|x64.ActiveCfg = Debug|Any CPU
		{DF818D02-6FBC-44E1-88FA-0D62BD73CA95}.Debug|x86.ActiveCfg = Debug|Any CPU
		{DF818D02-6FBC-44E1-88FA-0D62BD73CA95}.Release Mono|Any CPU.ActiveCfg = Release Mono|Any CPU
		{DF818D02-6FBC-44E1-88FA-0D62BD73CA95}.Release Mono|Mixed Platforms.ActiveCfg = Release Mono|Any CPU
		{DF818D02-6FBC-44E1-88FA-0D62BD73CA95}.Release Mono|Mixed Platforms.Build.0 = Release Mono|Any CPU
		{DF818D02-6FBC-44E1-88FA-0D62BD73CA95}.Release Mono|x64.ActiveCfg = Release Mono|Any CPU
		{DF818D02-6FBC-44E1-88FA-0D62BD73CA95}.Release Mono|x86.ActiveCfg = Release Mono|Any CPU
		{DF818D02-6FBC-44E1-88FA-0D62BD73CA95}.Release|Any CPU.ActiveCfg = Release|Any CPU
		{DF818D02-6FBC-44E1-88FA-0D62BD73CA95}.Release|Any CPU.Build.0 = Release|Any CPU
		{DF818D02-6FBC-44E1-88FA-0D62BD73CA95}.Release|Mixed Platforms.ActiveCfg = Release|Any CPU
		{DF818D02-6FBC-44E1-88FA-0D62BD73CA95}.Release|Mixed Platforms.Build.0 = Release|Any CPU
		{DF818D02-6FBC-44E1-88FA-0D62BD73CA95}.Release|x64.ActiveCfg = Release|Any CPU
		{DF818D02-6FBC-44E1-88FA-0D62BD73CA95}.Release|x86.ActiveCfg = Release|Any CPU
		{D709446B-7DEC-4F18-B2A2-638A2EF8AAA6}.Debug|Any CPU.ActiveCfg = Debug|x86
		{D709446B-7DEC-4F18-B2A2-638A2EF8AAA6}.Debug|Any CPU.Build.0 = Debug|x86
		{D709446B-7DEC-4F18-B2A2-638A2EF8AAA6}.Debug|Mixed Platforms.ActiveCfg = Debug|x86
		{D709446B-7DEC-4F18-B2A2-638A2EF8AAA6}.Debug|Mixed Platforms.Build.0 = Debug|x86
		{D709446B-7DEC-4F18-B2A2-638A2EF8AAA6}.Debug|x64.ActiveCfg = Debug|x64
		{D709446B-7DEC-4F18-B2A2-638A2EF8AAA6}.Debug|x64.Build.0 = Debug|x64
		{D709446B-7DEC-4F18-B2A2-638A2EF8AAA6}.Debug|x86.ActiveCfg = Debug|x86
		{D709446B-7DEC-4F18-B2A2-638A2EF8AAA6}.Debug|x86.Build.0 = Debug|x86
		{D709446B-7DEC-4F18-B2A2-638A2EF8AAA6}.Release Mono|Any CPU.ActiveCfg = Release|x86
		{D709446B-7DEC-4F18-B2A2-638A2EF8AAA6}.Release Mono|Mixed Platforms.ActiveCfg = Release|x86
		{D709446B-7DEC-4F18-B2A2-638A2EF8AAA6}.Release Mono|Mixed Platforms.Build.0 = Release|x86
		{D709446B-7DEC-4F18-B2A2-638A2EF8AAA6}.Release Mono|x64.ActiveCfg = Release|x64
		{D709446B-7DEC-4F18-B2A2-638A2EF8AAA6}.Release Mono|x64.Build.0 = Release|x64
		{D709446B-7DEC-4F18-B2A2-638A2EF8AAA6}.Release Mono|x86.ActiveCfg = Release|x86
		{D709446B-7DEC-4F18-B2A2-638A2EF8AAA6}.Release Mono|x86.Build.0 = Release|x86
		{D709446B-7DEC-4F18-B2A2-638A2EF8AAA6}.Release|Any CPU.ActiveCfg = Release|x86
		{D709446B-7DEC-4F18-B2A2-638A2EF8AAA6}.Release|Any CPU.Build.0 = Release|x86
		{D709446B-7DEC-4F18-B2A2-638A2EF8AAA6}.Release|Mixed Platforms.ActiveCfg = Release|x86
		{D709446B-7DEC-4F18-B2A2-638A2EF8AAA6}.Release|Mixed Platforms.Build.0 = Release|x86
		{D709446B-7DEC-4F18-B2A2-638A2EF8AAA6}.Release|x64.ActiveCfg = Release|x64
		{D709446B-7DEC-4F18-B2A2-638A2EF8AAA6}.Release|x64.Build.0 = Release|x64
		{D709446B-7DEC-4F18-B2A2-638A2EF8AAA6}.Release|x86.ActiveCfg = Release|x86
		{D709446B-7DEC-4F18-B2A2-638A2EF8AAA6}.Release|x86.Build.0 = Release|x86
		{088065D5-99ED-4A8B-9301-3666C5B88718}.Debug|Any CPU.ActiveCfg = Debug|x86
		{088065D5-99ED-4A8B-9301-3666C5B88718}.Debug|Any CPU.Build.0 = Debug|x86
		{088065D5-99ED-4A8B-9301-3666C5B88718}.Debug|Mixed Platforms.ActiveCfg = Debug|x86
		{088065D5-99ED-4A8B-9301-3666C5B88718}.Debug|Mixed Platforms.Build.0 = Debug|x86
		{088065D5-99ED-4A8B-9301-3666C5B88718}.Debug|x64.ActiveCfg = Debug|x86
		{088065D5-99ED-4A8B-9301-3666C5B88718}.Debug|x86.ActiveCfg = Debug|x86
		{088065D5-99ED-4A8B-9301-3666C5B88718}.Debug|x86.Build.0 = Debug|x86
		{088065D5-99ED-4A8B-9301-3666C5B88718}.Release Mono|Any CPU.ActiveCfg = Release|x86
		{088065D5-99ED-4A8B-9301-3666C5B88718}.Release Mono|Mixed Platforms.ActiveCfg = Release|x86
		{088065D5-99ED-4A8B-9301-3666C5B88718}.Release Mono|Mixed Platforms.Build.0 = Release|x86
		{088065D5-99ED-4A8B-9301-3666C5B88718}.Release Mono|x64.ActiveCfg = Release|x86
		{088065D5-99ED-4A8B-9301-3666C5B88718}.Release Mono|x86.ActiveCfg = Release|x86
		{088065D5-99ED-4A8B-9301-3666C5B88718}.Release Mono|x86.Build.0 = Release|x86
		{088065D5-99ED-4A8B-9301-3666C5B88718}.Release|Any CPU.ActiveCfg = Release|x86
		{088065D5-99ED-4A8B-9301-3666C5B88718}.Release|Any CPU.Build.0 = Release|x86
		{088065D5-99ED-4A8B-9301-3666C5B88718}.Release|Mixed Platforms.ActiveCfg = Release|x86
		{088065D5-99ED-4A8B-9301-3666C5B88718}.Release|Mixed Platforms.Build.0 = Release|x86
		{088065D5-99ED-4A8B-9301-3666C5B88718}.Release|x64.ActiveCfg = Release|x86
		{088065D5-99ED-4A8B-9301-3666C5B88718}.Release|x86.ActiveCfg = Release|x86
		{088065D5-99ED-4A8B-9301-3666C5B88718}.Release|x86.Build.0 = Release|x86
		{B0397530-545A-471D-BB74-027AE456DF1A}.Debug|Any CPU.ActiveCfg = Debug|Any CPU
		{B0397530-545A-471D-BB74-027AE456DF1A}.Debug|Any CPU.Build.0 = Debug|Any CPU
		{B0397530-545A-471D-BB74-027AE456DF1A}.Debug|Mixed Platforms.ActiveCfg = Debug|Any CPU
		{B0397530-545A-471D-BB74-027AE456DF1A}.Debug|Mixed Platforms.Build.0 = Debug|Any CPU
		{B0397530-545A-471D-BB74-027AE456DF1A}.Debug|x64.ActiveCfg = Debug|Any CPU
		{B0397530-545A-471D-BB74-027AE456DF1A}.Debug|x86.ActiveCfg = Debug|Any CPU
		{B0397530-545A-471D-BB74-027AE456DF1A}.Release Mono|Any CPU.ActiveCfg = Release|Any CPU
		{B0397530-545A-471D-BB74-027AE456DF1A}.Release Mono|Any CPU.Build.0 = Release|Any CPU
		{B0397530-545A-471D-BB74-027AE456DF1A}.Release Mono|Mixed Platforms.ActiveCfg = Release|Any CPU
		{B0397530-545A-471D-BB74-027AE456DF1A}.Release Mono|Mixed Platforms.Build.0 = Release|Any CPU
		{B0397530-545A-471D-BB74-027AE456DF1A}.Release Mono|x64.ActiveCfg = Release|Any CPU
		{B0397530-545A-471D-BB74-027AE456DF1A}.Release Mono|x86.ActiveCfg = Release|Any CPU
		{B0397530-545A-471D-BB74-027AE456DF1A}.Release|Any CPU.ActiveCfg = Release|Any CPU
		{B0397530-545A-471D-BB74-027AE456DF1A}.Release|Any CPU.Build.0 = Release|Any CPU
		{B0397530-545A-471D-BB74-027AE456DF1A}.Release|Mixed Platforms.ActiveCfg = Release|Any CPU
		{B0397530-545A-471D-BB74-027AE456DF1A}.Release|Mixed Platforms.Build.0 = Release|Any CPU
		{B0397530-545A-471D-BB74-027AE456DF1A}.Release|x64.ActiveCfg = Release|Any CPU
		{B0397530-545A-471D-BB74-027AE456DF1A}.Release|x86.ActiveCfg = Release|Any CPU
		{98EE4668-8F55-43B7-B2F9-A8C4B0DAFA79}.Debug|Any CPU.ActiveCfg = Debug|x86
		{98EE4668-8F55-43B7-B2F9-A8C4B0DAFA79}.Debug|Any CPU.Build.0 = Debug|x86
		{98EE4668-8F55-43B7-B2F9-A8C4B0DAFA79}.Debug|Mixed Platforms.ActiveCfg = Debug|x86
		{98EE4668-8F55-43B7-B2F9-A8C4B0DAFA79}.Debug|Mixed Platforms.Build.0 = Debug|x86
		{98EE4668-8F55-43B7-B2F9-A8C4B0DAFA79}.Debug|x64.ActiveCfg = Debug|x86
		{98EE4668-8F55-43B7-B2F9-A8C4B0DAFA79}.Debug|x86.ActiveCfg = Debug|x86
		{98EE4668-8F55-43B7-B2F9-A8C4B0DAFA79}.Debug|x86.Build.0 = Debug|x86
		{98EE4668-8F55-43B7-B2F9-A8C4B0DAFA79}.Release Mono|Any CPU.ActiveCfg = Release|x86
		{98EE4668-8F55-43B7-B2F9-A8C4B0DAFA79}.Release Mono|Any CPU.Build.0 = Release|x86
		{98EE4668-8F55-43B7-B2F9-A8C4B0DAFA79}.Release Mono|Mixed Platforms.ActiveCfg = Release|x86
		{98EE4668-8F55-43B7-B2F9-A8C4B0DAFA79}.Release Mono|Mixed Platforms.Build.0 = Release|x86
		{98EE4668-8F55-43B7-B2F9-A8C4B0DAFA79}.Release Mono|x64.ActiveCfg = Release|x86
		{98EE4668-8F55-43B7-B2F9-A8C4B0DAFA79}.Release Mono|x86.ActiveCfg = Release|x86
		{98EE4668-8F55-43B7-B2F9-A8C4B0DAFA79}.Release Mono|x86.Build.0 = Release|x86
		{98EE4668-8F55-43B7-B2F9-A8C4B0DAFA79}.Release|Any CPU.ActiveCfg = Release|x86
		{98EE4668-8F55-43B7-B2F9-A8C4B0DAFA79}.Release|Any CPU.Build.0 = Release|x86
		{98EE4668-8F55-43B7-B2F9-A8C4B0DAFA79}.Release|Mixed Platforms.ActiveCfg = Release|x86
		{98EE4668-8F55-43B7-B2F9-A8C4B0DAFA79}.Release|Mixed Platforms.Build.0 = Release|x86
		{98EE4668-8F55-43B7-B2F9-A8C4B0DAFA79}.Release|x64.ActiveCfg = Release|x86
		{98EE4668-8F55-43B7-B2F9-A8C4B0DAFA79}.Release|x86.ActiveCfg = Release|x86
		{98EE4668-8F55-43B7-B2F9-A8C4B0DAFA79}.Release|x86.Build.0 = Release|x86
		{FC64E51E-1372-45D5-8B25-134A6859DEDD}.Debug|Any CPU.ActiveCfg = Debug|Any CPU
		{FC64E51E-1372-45D5-8B25-134A6859DEDD}.Debug|Any CPU.Build.0 = Debug|Any CPU
		{FC64E51E-1372-45D5-8B25-134A6859DEDD}.Debug|Mixed Platforms.ActiveCfg = Debug|Any CPU
		{FC64E51E-1372-45D5-8B25-134A6859DEDD}.Debug|Mixed Platforms.Build.0 = Debug|Any CPU
		{FC64E51E-1372-45D5-8B25-134A6859DEDD}.Debug|x64.ActiveCfg = Debug|Any CPU
		{FC64E51E-1372-45D5-8B25-134A6859DEDD}.Debug|x86.ActiveCfg = Debug|Any CPU
		{FC64E51E-1372-45D5-8B25-134A6859DEDD}.Release Mono|Any CPU.ActiveCfg = Release|Any CPU
		{FC64E51E-1372-45D5-8B25-134A6859DEDD}.Release Mono|Any CPU.Build.0 = Release|Any CPU
		{FC64E51E-1372-45D5-8B25-134A6859DEDD}.Release Mono|Mixed Platforms.ActiveCfg = Release|Any CPU
		{FC64E51E-1372-45D5-8B25-134A6859DEDD}.Release Mono|Mixed Platforms.Build.0 = Release|Any CPU
		{FC64E51E-1372-45D5-8B25-134A6859DEDD}.Release Mono|x64.ActiveCfg = Release|Any CPU
		{FC64E51E-1372-45D5-8B25-134A6859DEDD}.Release Mono|x86.ActiveCfg = Release|Any CPU
		{FC64E51E-1372-45D5-8B25-134A6859DEDD}.Release|Any CPU.ActiveCfg = Release|Any CPU
		{FC64E51E-1372-45D5-8B25-134A6859DEDD}.Release|Any CPU.Build.0 = Release|Any CPU
		{FC64E51E-1372-45D5-8B25-134A6859DEDD}.Release|Mixed Platforms.ActiveCfg = Release|Any CPU
		{FC64E51E-1372-45D5-8B25-134A6859DEDD}.Release|Mixed Platforms.Build.0 = Release|Any CPU
		{FC64E51E-1372-45D5-8B25-134A6859DEDD}.Release|x64.ActiveCfg = Release|Any CPU
		{FC64E51E-1372-45D5-8B25-134A6859DEDD}.Release|x86.ActiveCfg = Release|Any CPU
		{49BBEBDD-9A3A-4963-A52C-D6154E2D6B3E}.Debug|Any CPU.ActiveCfg = Debug|Any CPU
		{49BBEBDD-9A3A-4963-A52C-D6154E2D6B3E}.Debug|Any CPU.Build.0 = Debug|Any CPU
		{49BBEBDD-9A3A-4963-A52C-D6154E2D6B3E}.Debug|Mixed Platforms.ActiveCfg = Debug|Any CPU
		{49BBEBDD-9A3A-4963-A52C-D6154E2D6B3E}.Debug|Mixed Platforms.Build.0 = Debug|Any CPU
		{49BBEBDD-9A3A-4963-A52C-D6154E2D6B3E}.Debug|x64.ActiveCfg = Debug|Any CPU
		{49BBEBDD-9A3A-4963-A52C-D6154E2D6B3E}.Debug|x86.ActiveCfg = Debug|Any CPU
		{49BBEBDD-9A3A-4963-A52C-D6154E2D6B3E}.Release Mono|Any CPU.ActiveCfg = Release|Any CPU
		{49BBEBDD-9A3A-4963-A52C-D6154E2D6B3E}.Release Mono|Any CPU.Build.0 = Release|Any CPU
		{49BBEBDD-9A3A-4963-A52C-D6154E2D6B3E}.Release Mono|Mixed Platforms.ActiveCfg = Release|Any CPU
		{49BBEBDD-9A3A-4963-A52C-D6154E2D6B3E}.Release Mono|Mixed Platforms.Build.0 = Release|Any CPU
		{49BBEBDD-9A3A-4963-A52C-D6154E2D6B3E}.Release Mono|x64.ActiveCfg = Release|Any CPU
		{49BBEBDD-9A3A-4963-A52C-D6154E2D6B3E}.Release Mono|x86.ActiveCfg = Release|Any CPU
		{49BBEBDD-9A3A-4963-A52C-D6154E2D6B3E}.Release|Any CPU.ActiveCfg = Release|Any CPU
		{49BBEBDD-9A3A-4963-A52C-D6154E2D6B3E}.Release|Any CPU.Build.0 = Release|Any CPU
		{49BBEBDD-9A3A-4963-A52C-D6154E2D6B3E}.Release|Mixed Platforms.ActiveCfg = Release|Any CPU
		{49BBEBDD-9A3A-4963-A52C-D6154E2D6B3E}.Release|Mixed Platforms.Build.0 = Release|Any CPU
		{49BBEBDD-9A3A-4963-A52C-D6154E2D6B3E}.Release|x64.ActiveCfg = Release|Any CPU
		{49BBEBDD-9A3A-4963-A52C-D6154E2D6B3E}.Release|x86.ActiveCfg = Release|Any CPU
		{1D5D7C81-802F-46E0-913F-8519F157BC3C}.Debug|Any CPU.ActiveCfg = Debug|Any CPU
		{1D5D7C81-802F-46E0-913F-8519F157BC3C}.Debug|Any CPU.Build.0 = Debug|Any CPU
		{1D5D7C81-802F-46E0-913F-8519F157BC3C}.Debug|Mixed Platforms.ActiveCfg = Debug|Any CPU
		{1D5D7C81-802F-46E0-913F-8519F157BC3C}.Debug|Mixed Platforms.Build.0 = Debug|Any CPU
		{1D5D7C81-802F-46E0-913F-8519F157BC3C}.Debug|x64.ActiveCfg = Debug|Any CPU
		{1D5D7C81-802F-46E0-913F-8519F157BC3C}.Debug|x86.ActiveCfg = Debug|Any CPU
		{1D5D7C81-802F-46E0-913F-8519F157BC3C}.Release Mono|Any CPU.ActiveCfg = Release|Any CPU
		{1D5D7C81-802F-46E0-913F-8519F157BC3C}.Release Mono|Any CPU.Build.0 = Release|Any CPU
		{1D5D7C81-802F-46E0-913F-8519F157BC3C}.Release Mono|Mixed Platforms.ActiveCfg = Release|Any CPU
		{1D5D7C81-802F-46E0-913F-8519F157BC3C}.Release Mono|Mixed Platforms.Build.0 = Release|Any CPU
		{1D5D7C81-802F-46E0-913F-8519F157BC3C}.Release Mono|x64.ActiveCfg = Release|Any CPU
		{1D5D7C81-802F-46E0-913F-8519F157BC3C}.Release Mono|x86.ActiveCfg = Release|Any CPU
		{1D5D7C81-802F-46E0-913F-8519F157BC3C}.Release|Any CPU.ActiveCfg = Release|Any CPU
		{1D5D7C81-802F-46E0-913F-8519F157BC3C}.Release|Any CPU.Build.0 = Release|Any CPU
		{1D5D7C81-802F-46E0-913F-8519F157BC3C}.Release|Mixed Platforms.ActiveCfg = Release|Any CPU
		{1D5D7C81-802F-46E0-913F-8519F157BC3C}.Release|Mixed Platforms.Build.0 = Release|Any CPU
		{1D5D7C81-802F-46E0-913F-8519F157BC3C}.Release|x64.ActiveCfg = Release|Any CPU
		{1D5D7C81-802F-46E0-913F-8519F157BC3C}.Release|x86.ActiveCfg = Release|Any CPU
	EndGlobalSection
	GlobalSection(SolutionProperties) = preSolution
		HideSolutionNode = FALSE
	EndGlobalSection
	GlobalSection(NestedProjects) = preSolution
		{EB60FFBC-51F9-42F7-B22B-2200C3F0CB64} = {656212AC-91B4-49EC-9460-7BC3D6DD500C}
		{15B3E0D2-6217-493A-A690-158C497F5318} = {656212AC-91B4-49EC-9460-7BC3D6DD500C}
		{0288F2E8-672E-49DA-9B93-86CEE224D996} = {656212AC-91B4-49EC-9460-7BC3D6DD500C}
		{12084B38-C1A2-414C-80A7-B8D02D6F5B84} = {656212AC-91B4-49EC-9460-7BC3D6DD500C}
		{A2E2E628-7BDA-4072-83DE-B28DE7EA85A9} = {F3E7AF84-72E0-4812-A039-B02FDD4E9040}
		{DF818D02-6FBC-44E1-88FA-0D62BD73CA95} = {F3E7AF84-72E0-4812-A039-B02FDD4E9040}
		{809C12D7-9AD6-409B-BF2C-76D6297FC8DD} = {F3E7AF84-72E0-4812-A039-B02FDD4E9040}
		{820ABB59-7F86-4D7F-89C9-8F7DA013D992} = {F3E7AF84-72E0-4812-A039-B02FDD4E9040}
		{088065D5-99ED-4A8B-9301-3666C5B88718} = {809C12D7-9AD6-409B-BF2C-76D6297FC8DD}
		{98EE4668-8F55-43B7-B2F9-A8C4B0DAFA79} = {809C12D7-9AD6-409B-BF2C-76D6297FC8DD}
		{D709446B-7DEC-4F18-B2A2-638A2EF8AAA6} = {809C12D7-9AD6-409B-BF2C-76D6297FC8DD}
		{B0397530-545A-471D-BB74-027AE456DF1A} = {0288F2E8-672E-49DA-9B93-86CEE224D996}
		{FC64E51E-1372-45D5-8B25-134A6859DEDD} = {0288F2E8-672E-49DA-9B93-86CEE224D996}
		{49BBEBDD-9A3A-4963-A52C-D6154E2D6B3E} = {0288F2E8-672E-49DA-9B93-86CEE224D996}
		{1D5D7C81-802F-46E0-913F-8519F157BC3C} = {0288F2E8-672E-49DA-9B93-86CEE224D996}
	EndGlobalSection
EndGlobal
